
Microsoft Visual Studio Solution File, Format Version 12.00
# Visual Studio Version 17
VisualStudioVersion = 17.3.32825.248
MinimumVisualStudioVersion = 10.0.40219.1
Project("{FAE04EC0-301F-11D3-BF4B-00C04F79EFBC}") = "Project1", "Project1\Project1.csproj", "{6FC4B268-F350-4177-BB3C-AB81E350A17F}"
EndProject
Global
	GlobalSection(SolutionConfigurationPlatforms) = preSolution
		Debug|Any CPU = Debug|Any CPU
		Release|Any CPU = Release|Any CPU
	EndGlobalSection
	GlobalSection(ProjectConfigurationPlatforms) = postSolution
		{6FC4B268-F350-4177-BB3C-AB81E350A17F}.Debug|Any CPU.ActiveCfg = Debug|Any CPU
		{6FC4B268-F350-4177-BB3C-AB81E350A17F}.Debug|Any CPU.Build.0 = Debug|Any CPU
		{6FC4B268-F350-4177-BB3C-AB81E350A17F}.Release|Any CPU.ActiveCfg = Release|Any CPU
		{6FC4B268-F350-4177-BB3C-AB81E350A17F}.Release|Any CPU.Build.0 = Release|Any CPU
	EndGlobalSection
	GlobalSection(SolutionProperties) = preSolution
		HideSolutionNode = FALSE
	EndGlobalSection
	GlobalSection(ExtensibilityGlobals) = postSolution
		SolutionGuid = {257F6CF6-1083-4EC9-9D00-930EA6715109}
	EndGlobalSection
EndGlobal
